
Microsoft Visual Studio Solution File, Format Version 12.00
# Visual Studio Version 17
VisualStudioVersion = 17.14.36414.22
MinimumVisualStudioVersion = 10.0.40219.1
Project("{FAE04EC0-301F-11D3-BF4B-00C04F79EFBC}") = "grupo1_reto2_interfaces", "grupo1_reto2\grupo1_reto2_interfaces.csproj", "{0CE06156-57E4-4AA2-AEAA-63695C283EED}"
EndProject
Global
	GlobalSection(SolutionConfigurationPlatforms) = preSolution
		Debug|Any CPU = Debug|Any CPU
		Release|Any CPU = Release|Any CPU
	EndGlobalSection
	GlobalSection(ProjectConfigurationPlatforms) = postSolution
		{0CE06156-57E4-4AA2-AEAA-63695C283EED}.Debug|Any CPU.ActiveCfg = Debug|Any CPU
		{0CE06156-57E4-4AA2-AEAA-63695C283EED}.Debug|Any CPU.Build.0 = Debug|Any CPU
		{0CE06156-57E4-4AA2-AEAA-63695C283EED}.Release|Any CPU.ActiveCfg = Release|Any CPU
		{0CE06156-57E4-4AA2-AEAA-63695C283EED}.Release|Any CPU.Build.0 = Release|Any CPU
	EndGlobalSection
	GlobalSection(SolutionProperties) = preSolution
		HideSolutionNode = FALSE
	EndGlobalSection
	GlobalSection(ExtensibilityGlobals) = postSolution
		SolutionGuid = {A64882FE-009C-4C90-90BC-AAB2BF31D494}
	EndGlobalSection
EndGlobal
